
Microsoft Visual Studio Solution File, Format Version 12.00
# Visual Studio Version 16
VisualStudioVersion = 16.0.30711.63
MinimumVisualStudioVersion = 10.0.40219.1
Project("{8BC9CEB8-8B4A-11D0-8D11-00A0C91BC942}") = "Drive_and_Avoid", "Drive_and_Avoid.vcxproj", "{BF156812-A3C8-47CE-8979-DF9AC6B55C6D}"
EndProject
Global
	GlobalSection(SolutionConfigurationPlatforms) = preSolution
		Debug|x64 = Debug|x64
		Debug|x86 = Debug|x86
		Release|x64 = Release|x64
		Release|x86 = Release|x86
	EndGlobalSection
	GlobalSection(ProjectConfigurationPlatforms) = postSolution
		{BF156812-A3C8-47CE-8979-DF9AC6B55C6D}.Debug|x64.ActiveCfg = Debug|x64
		{BF156812-A3C8-47CE-8979-DF9AC6B55C6D}.Debug|x64.Build.0 = Debug|x64
		{BF156812-A3C8-47CE-8979-DF9AC6B55C6D}.Debug|x86.ActiveCfg = Debug|Win32
		{BF156812-A3C8-47CE-8979-DF9AC6B55C6D}.Debug|x86.Build.0 = Debug|Win32
		{BF156812-A3C8-47CE-8979-DF9AC6B55C6D}.Release|x64.ActiveCfg = Release|x64
		{BF156812-A3C8-47CE-8979-DF9AC6B55C6D}.Release|x64.Build.0 = Release|x64
		{BF156812-A3C8-47CE-8979-DF9AC6B55C6D}.Release|x86.ActiveCfg = Release|Win32
		{BF156812-A3C8-47CE-8979-DF9AC6B55C6D}.Release|x86.Build.0 = Release|Win32
	EndGlobalSection
	GlobalSection(SolutionProperties) = preSolution
		HideSolutionNode = FALSE
	EndGlobalSection
	GlobalSection(ExtensibilityGlobals) = postSolution
		SolutionGuid = {365261D8-8732-4AD8-B3C9-2B7BA7BA5E54}
	EndGlobalSection
EndGlobal
